
Microsoft Visual Studio Solution File, Format Version 12.00
# Visual Studio 15
VisualStudioVersion = 15.0.27004.2010
MinimumVisualStudioVersion = 10.0.40219.1
Project("{FAE04EC0-301F-11D3-BF4B-00C04F79EFBC}") = "RestaurantDiscount", "RestaurantDiscount\RestaurantDiscount.csproj", "{A1E6199B-1545-4CE1-B942-70E6525F7D23}"
EndProject
Global
	GlobalSection(SolutionConfigurationPlatforms) = preSolution
		Debug|Any CPU = Debug|Any CPU
		Release|Any CPU = Release|Any CPU
	EndGlobalSection
	GlobalSection(ProjectConfigurationPlatforms) = postSolution
		{A1E6199B-1545-4CE1-B942-70E6525F7D23}.Debug|Any CPU.ActiveCfg = Debug|Any CPU
		{A1E6199B-1545-4CE1-B942-70E6525F7D23}.Debug|Any CPU.Build.0 = Debug|Any CPU
		{A1E6199B-1545-4CE1-B942-70E6525F7D23}.Release|Any CPU.ActiveCfg = Release|Any CPU
		{A1E6199B-1545-4CE1-B942-70E6525F7D23}.Release|Any CPU.Build.0 = Release|Any CPU
	EndGlobalSection
	GlobalSection(SolutionProperties) = preSolution
		HideSolutionNode = FALSE
	EndGlobalSection
	GlobalSection(ExtensibilityGlobals) = postSolution
		SolutionGuid = {80A98D58-6800-44AE-812B-4DFD4FA12BFB}
	EndGlobalSection
EndGlobal
